
Microsoft Visual Studio Solution File, Format Version 12.00
# Visual Studio 15
VisualStudioVersion = 15.0.28010.2041
MinimumVisualStudioVersion = 10.0.40219.1
Project("{9A19103F-16F7-4668-BE54-9A1E7A4F7556}") = "SwaggerApiExample", "SwaggerApiExample\SwaggerApiExample.csproj", "{AF0E8858-480F-46DC-8C83-3C94FB71B591}"
EndProject
Project("{FAE04EC0-301F-11D3-BF4B-00C04F79EFBC}") = "SwaggerFrontEnd", "SwaggerFrontEnd\SwaggerFrontEnd.csproj", "{404707F5-4766-4628-BDD9-B4E0F592616D}"
EndProject
Global
	GlobalSection(SolutionConfigurationPlatforms) = preSolution
		Debug|Any CPU = Debug|Any CPU
		Release|Any CPU = Release|Any CPU
	EndGlobalSection
	GlobalSection(ProjectConfigurationPlatforms) = postSolution
		{AF0E8858-480F-46DC-8C83-3C94FB71B591}.Debug|Any CPU.ActiveCfg = Debug|Any CPU
		{AF0E8858-480F-46DC-8C83-3C94FB71B591}.Debug|Any CPU.Build.0 = Debug|Any CPU
		{AF0E8858-480F-46DC-8C83-3C94FB71B591}.Release|Any CPU.ActiveCfg = Release|Any CPU
		{AF0E8858-480F-46DC-8C83-3C94FB71B591}.Release|Any CPU.Build.0 = Release|Any CPU
		{404707F5-4766-4628-BDD9-B4E0F592616D}.Debug|Any CPU.ActiveCfg = Debug|Any CPU
		{404707F5-4766-4628-BDD9-B4E0F592616D}.Debug|Any CPU.Build.0 = Debug|Any CPU
		{404707F5-4766-4628-BDD9-B4E0F592616D}.Release|Any CPU.ActiveCfg = Release|Any CPU
		{404707F5-4766-4628-BDD9-B4E0F592616D}.Release|Any CPU.Build.0 = Release|Any CPU
	EndGlobalSection
	GlobalSection(SolutionProperties) = preSolution
		HideSolutionNode = FALSE
	EndGlobalSection
	GlobalSection(ExtensibilityGlobals) = postSolution
		SolutionGuid = {FBFAAAEE-F7EF-431D-8B29-73DE98EB80CC}
	EndGlobalSection
EndGlobal
